// !$*UTF8*$!
{
	archiveVersion = 1;
	classes = {
	};
	objectVersion = 77;
	objects = {

/* Begin PBXBuildFile section */
		235C7940860C7DD29467B4E3 /* SettingsService.swift in Sources */ = {isa = PBXBuildFile; fileRef = B8A3B1092A15A25947AC58E6 /* SettingsService.swift */; };
		45FD0E43C02B2555F71DBC97 /* UpdateService.swift in Sources */ = {isa = PBXBuildFile; fileRef = E43A9B3B851B5D9B4E07B7EE /* UpdateService.swift */; };
		4B02C02E19C64595BCCF8066 /* LaunchService.swift in Sources */ = {isa = PBXBuildFile; fileRef = 458572C175A26C2671406A89 /* LaunchService.swift */; };
		67D70F3EC4B7C5ACDA4D6962 /* AppDelegate.swift in Sources */ = {isa = PBXBuildFile; fileRef = 8A2CD185EED4B4F0FDC13139 /* AppDelegate.swift */; };
		6DA8B4B1FD3294C719AA035A /* VolumeHUDService.swift in Sources */ = {isa = PBXBuildFile; fileRef = 78835C172B8ACB87F09CC861 /* VolumeHUDService.swift */; };
		7102F350DBAD1152F6DC1F55 /* VolumeCurve.swift in Sources */ = {isa = PBXBuildFile; fileRef = F942BDBF5F9378B63098379C /* VolumeCurve.swift */; };
		9D7EB45E97A37A583C48696A /* VolumeKeyService.swift in Sources */ = {isa = PBXBuildFile; fileRef = FDA2377E59418DD6EDC46B29 /* VolumeKeyService.swift */; };
		AC71AF9152CB06ED0C2116E8 /* FreeAudioApp.swift in Sources */ = {isa = PBXBuildFile; fileRef = D39E766607C217948DA6596C /* FreeAudioApp.swift */; };
		BB2A5691C28543C1A85A6B60 /* CGHelpers.swift in Sources */ = {isa = PBXBuildFile; fileRef = A70B5EE5BF7D3174CA30C2D9 /* CGHelpers.swift */; };
		CA0F4CF2D0BE2C8505A12467 /* Assets.xcassets in Resources */ = {isa = PBXBuildFile; fileRef = 81520FBB10DFE9FEEE5D2F02 /* Assets.xcassets */; };
		D234431EBB87F3AB51834410 /* MenuBarView.swift in Sources */ = {isa = PBXBuildFile; fileRef = 6B396402B4D3659809C1E3D8 /* MenuBarView.swift */; };
/* End PBXBuildFile section */

/* Begin PBXFileReference section */
		319FE11F83AF36CA218B98F9 /* FreeAudio.app */ = {isa = PBXFileReference; explicitFileType = wrapper.application; includeInIndex = 0; path = FreeAudio.app; sourceTree = BUILT_PRODUCTS_DIR; };
		458572C175A26C2671406A89 /* LaunchService.swift */ = {isa = PBXFileReference; lastKnownFileType = sourcecode.swift; path = LaunchService.swift; sourceTree = "<group>"; };
		6B396402B4D3659809C1E3D8 /* MenuBarView.swift */ = {isa = PBXFileReference; lastKnownFileType = sourcecode.swift; path = MenuBarView.swift; sourceTree = "<group>"; };
		78835C172B8ACB87F09CC861 /* VolumeHUDService.swift */ = {isa = PBXFileReference; lastKnownFileType = sourcecode.swift; path = VolumeHUDService.swift; sourceTree = "<group>"; };
		81520FBB10DFE9FEEE5D2F02 /* Assets.xcassets */ = {isa = PBXFileReference; lastKnownFileType = folder.assetcatalog; path = Assets.xcassets; sourceTree = "<group>"; };
		8A2CD185EED4B4F0FDC13139 /* AppDelegate.swift */ = {isa = PBXFileReference; lastKnownFileType = sourcecode.swift; path = AppDelegate.swift; sourceTree = "<group>"; };
		A70B5EE5BF7D3174CA30C2D9 /* CGHelpers.swift */ = {isa = PBXFileReference; lastKnownFileType = sourcecode.swift; path = CGHelpers.swift; sourceTree = "<group>"; };
		B14C98DEE9A713C795553AF5 /* FreeAudio.entitlements */ = {isa = PBXFileReference; lastKnownFileType = text.plist.entitlements; path = FreeAudio.entitlements; sourceTree = "<group>"; };
		B8A3B1092A15A25947AC58E6 /* SettingsService.swift */ = {isa = PBXFileReference; lastKnownFileType = sourcecode.swift; path = SettingsService.swift; sourceTree = "<group>"; };
		CBDDA5E6E15233F0868E5633 /* Info.plist */ = {isa = PBXFileReference; lastKnownFileType = text.plist; path = Info.plist; sourceTree = "<group>"; };
		D39E766607C217948DA6596C /* FreeAudioApp.swift */ = {isa = PBXFileReference; lastKnownFileType = sourcecode.swift; path = FreeAudioApp.swift; sourceTree = "<group>"; };
		E43A9B3B851B5D9B4E07B7EE /* UpdateService.swift */ = {isa = PBXFileReference; lastKnownFileType = sourcecode.swift; path = UpdateService.swift; sourceTree = "<group>"; };
		F942BDBF5F9378B63098379C /* VolumeCurve.swift */ = {isa = PBXFileReference; lastKnownFileType = sourcecode.swift; path = VolumeCurve.swift; sourceTree = "<group>"; };
		FDA2377E59418DD6EDC46B29 /* VolumeKeyService.swift */ = {isa = PBXFileReference; lastKnownFileType = sourcecode.swift; path = VolumeKeyService.swift; sourceTree = "<group>"; };
/* End PBXFileReference section */

/* Begin PBXGroup section */
		2F2F48DDBA3CABC1555EACD7 /* Views */ = {
			isa = PBXGroup;
			children = (
				6B396402B4D3659809C1E3D8 /* MenuBarView.swift */,
			);
			path = Views;
			sourceTree = "<group>";
		};
		57A76EBD7A998F3D819C9318 = {
			isa = PBXGroup;
			children = (
				5BDE1678B164895F693019E3 /* FreeAudio */,
				EE1F96532C23D15587AD5AD7 /* Products */,
			);
			sourceTree = "<group>";
		};
		5ADA050552F72AF01BD69D92 /* Services */ = {
			isa = PBXGroup;
			children = (
				A70B5EE5BF7D3174CA30C2D9 /* CGHelpers.swift */,
				458572C175A26C2671406A89 /* LaunchService.swift */,
				B8A3B1092A15A25947AC58E6 /* SettingsService.swift */,
				E43A9B3B851B5D9B4E07B7EE /* UpdateService.swift */,
				78835C172B8ACB87F09CC861 /* VolumeHUDService.swift */,
				FDA2377E59418DD6EDC46B29 /* VolumeKeyService.swift */,
			);
			path = Services;
			sourceTree = "<group>";
		};
		5BDE1678B164895F693019E3 /* FreeAudio */ = {
			isa = PBXGroup;
			children = (
				81520FBB10DFE9FEEE5D2F02 /* Assets.xcassets */,
				B14C98DEE9A713C795553AF5 /* FreeAudio.entitlements */,
				CBDDA5E6E15233F0868E5633 /* Info.plist */,
				F974AEE0DAB12B3A42E228E5 /* App */,
				D7BDADAEDF93DD866CFEF0BD /* Core */,
				5ADA050552F72AF01BD69D92 /* Services */,
				2F2F48DDBA3CABC1555EACD7 /* Views */,
			);
			path = FreeAudio;
			sourceTree = "<group>";
		};
		D7BDADAEDF93DD866CFEF0BD /* Core */ = {
			isa = PBXGroup;
			children = (
				F942BDBF5F9378B63098379C /* VolumeCurve.swift */,
			);
			path = Core;
			sourceTree = "<group>";
		};
		EE1F96532C23D15587AD5AD7 /* Products */ = {
			isa = PBXGroup;
			children = (
				319FE11F83AF36CA218B98F9 /* FreeAudio.app */,
			);
			name = Products;
			sourceTree = "<group>";
		};
		F974AEE0DAB12B3A42E228E5 /* App */ = {
			isa = PBXGroup;
			children = (
				8A2CD185EED4B4F0FDC13139 /* AppDelegate.swift */,
				D39E766607C217948DA6596C /* FreeAudioApp.swift */,
			);
			path = App;
			sourceTree = "<group>";
		};
/* End PBXGroup section */

/* Begin PBXNativeTarget section */
		A83A09B625D9F52D13A939FC /* FreeAudio */ = {
			isa = PBXNativeTarget;
			buildConfigurationList = ECE5889BA6291003989E43F9 /* Build configuration list for PBXNativeTarget "FreeAudio" */;
			buildPhases = (
				EECDC07A01770170FB2EDE20 /* Sources */,
				0ED667E31ECE5A9AE7ABCD01 /* Resources */,
			);
			buildRules = (
			);
			dependencies = (
			);
			name = FreeAudio;
			packageProductDependencies = (
			);
			productName = FreeAudio;
			productReference = 319FE11F83AF36CA218B98F9 /* FreeAudio.app */;
			productType = "com.apple.product-type.application";
		};
/* End PBXNativeTarget section */

/* Begin PBXProject section */
		FCE1D5D8FFA11C93CD1C522F /* Project object */ = {
			isa = PBXProject;
			attributes = {
				BuildIndependentTargetsInParallel = YES;
				LastUpgradeCheck = 1430;
				TargetAttributes = {
				};
			};
			buildConfigurationList = 16C7F8D57412FDE431A8F780 /* Build configuration list for PBXProject "FreeAudio" */;
			developmentRegion = en;
			hasScannedForEncodings = 0;
			knownRegions = (
				Base,
				en,
			);
			mainGroup = 57A76EBD7A998F3D819C9318;
			minimizedProjectReferenceProxies = 1;
			preferredProjectObjectVersion = 77;
			productRefGroup = EE1F96532C23D15587AD5AD7 /* Products */;
			projectDirPath = "";
			projectRoot = "";
			targets = (
				A83A09B625D9F52D13A939FC /* FreeAudio */,
			);
		};
/* End PBXProject section */

/* Begin PBXResourcesBuildPhase section */
		0ED667E31ECE5A9AE7ABCD01 /* Resources */ = {
			isa = PBXResourcesBuildPhase;
			buildActionMask = 2147483647;
			files = (
				CA0F4CF2D0BE2C8505A12467 /* Assets.xcassets in Resources */,
			);
			runOnlyForDeploymentPostprocessing = 0;
		};
/* End PBXResourcesBuildPhase section */

/* Begin PBXSourcesBuildPhase section */
		EECDC07A01770170FB2EDE20 /* Sources */ = {
			isa = PBXSourcesBuildPhase;
			buildActionMask = 2147483647;
			files = (
				67D70F3EC4B7C5ACDA4D6962 /* AppDelegate.swift in Sources */,
				BB2A5691C28543C1A85A6B60 /* CGHelpers.swift in Sources */,
				AC71AF9152CB06ED0C2116E8 /* FreeAudioApp.swift in Sources */,
				4B02C02E19C64595BCCF8066 /* LaunchService.swift in Sources */,
				D234431EBB87F3AB51834410 /* MenuBarView.swift in Sources */,
				235C7940860C7DD29467B4E3 /* SettingsService.swift in Sources */,
				45FD0E43C02B2555F71DBC97 /* UpdateService.swift in Sources */,
				7102F350DBAD1152F6DC1F55 /* VolumeCurve.swift in Sources */,
				6DA8B4B1FD3294C719AA035A /* VolumeHUDService.swift in Sources */,
				9D7EB45E97A37A583C48696A /* VolumeKeyService.swift in Sources */,
			);
			runOnlyForDeploymentPostprocessing = 0;
		};
/* End PBXSourcesBuildPhase section */

/* Begin XCBuildConfiguration section */
		277104769C3ABED734D38466 /* Release */ = {
			isa = XCBuildConfiguration;
			buildSettings = {
				ALWAYS_SEARCH_USER_PATHS = NO;
				CLANG_ANALYZER_NONNULL = YES;
				CLANG_ANALYZER_NUMBER_OBJECT_CONVERSION = YES_AGGRESSIVE;
				CLANG_CXX_LANGUAGE_STANDARD = "gnu++14";
				CLANG_CXX_LIBRARY = "libc++";
				CLANG_ENABLE_MODULES = YES;
				CLANG_ENABLE_OBJC_ARC = YES;
				CLANG_ENABLE_OBJC_WEAK = YES;
				CLANG_WARN_BLOCK_CAPTURE_AUTORELEASING = YES;
				CLANG_WARN_BOOL_CONVERSION = YES;
				CLANG_WARN_COMMA = YES;
				CLANG_WARN_CONSTANT_CONVERSION = YES;
				CLANG_WARN_DEPRECATED_OBJC_IMPLEMENTATIONS = YES;
				CLANG_WARN_DIRECT_OBJC_ISA_USAGE = YES_ERROR;
				CLANG_WARN_DOCUMENTATION_COMMENTS = YES;
				CLANG_WARN_EMPTY_BODY = YES;
				CLANG_WARN_ENUM_CONVERSION = YES;
				CLANG_WARN_INFINITE_RECURSION = YES;
				CLANG_WARN_INT_CONVERSION = YES;
				CLANG_WARN_NON_LITERAL_NULL_CONVERSION = YES;
				CLANG_WARN_OBJC_IMPLICIT_RETAIN_SELF = YES;
				CLANG_WARN_OBJC_LITERAL_CONVERSION = YES;
				CLANG_WARN_OBJC_ROOT_CLASS = YES_ERROR;
				CLANG_WARN_QUOTED_INCLUDE_IN_FRAMEWORK_HEADER = YES;
				CLANG_WARN_RANGE_LOOP_ANALYSIS = YES;
				CLANG_WARN_STRICT_PROTOTYPES = YES;
				CLANG_WARN_SUSPICIOUS_MOVE = YES;
				CLANG_WARN_UNGUARDED_AVAILABILITY = YES_AGGRESSIVE;
				CLANG_WARN_UNREACHABLE_CODE = YES;
				CLANG_WARN__DUPLICATE_METHOD_MATCH = YES;
				COPY_PHASE_STRIP = NO;
				DEBUG_INFORMATION_FORMAT = "dwarf-with-dsym";
				ENABLE_NS_ASSERTIONS = NO;
				ENABLE_STRICT_OBJC_MSGSEND = YES;
				GCC_C_LANGUAGE_STANDARD = gnu11;
				GCC_NO_COMMON_BLOCKS = YES;
				GCC_WARN_64_TO_32_BIT_CONVERSION = YES;
				GCC_WARN_ABOUT_RETURN_TYPE = YES_ERROR;
				GCC_WARN_UNDECLARED_SELECTOR = YES;
				GCC_WARN_UNINITIALIZED_AUTOS = YES_AGGRESSIVE;
				GCC_WARN_UNUSED_FUNCTION = YES;
				GCC_WARN_UNUSED_VARIABLE = YES;
				MACOSX_DEPLOYMENT_TARGET = 27.0;
				MTL_ENABLE_DEBUG_INFO = NO;
				MTL_FAST_MATH = YES;
				PRODUCT_NAME = "$(TARGET_NAME)";
				SDKROOT = macosx;
				SWIFT_COMPILATION_MODE = wholemodule;
				SWIFT_OPTIMIZATION_LEVEL = "-O";
				SWIFT_VERSION = 5.0;
			};
			name = Release;
		};
		4FE144BC7082E5D7BD66BE40 /* Release */ = {
			isa = XCBuildConfiguration;
			buildSettings = {
				ARCHS = arm64;
				ASSETCATALOG_COMPILER_APPICON_NAME = AppIcon;
				CODE_SIGNING_REQUIRED = YES;
				CODE_SIGN_ENTITLEMENTS = FreeAudio/FreeAudio.entitlements;
				CODE_SIGN_IDENTITY = "-";
				COMBINE_HIDPI_IMAGES = YES;
				CURRENT_PROJECT_VERSION = 1;
				ENABLE_HARDENED_RUNTIME = YES;
				GENERATE_INFOPLIST_FILE = YES;
				INFOPLIST_FILE = FreeAudio/Info.plist;
				INFOPLIST_KEY_LSUIElement = YES;
				INFOPLIST_KEY_NSHumanReadableCopyright = "FreeAudio - Ücretsiz ve Açık Kaynak";
				LD_RUNPATH_SEARCH_PATHS = (
					"$(inherited)",
					"@executable_path/../Frameworks",
				);
				MACOSX_DEPLOYMENT_TARGET = 27.0;
				MARKETING_VERSION = 0.1;
				PRODUCT_BUNDLE_IDENTIFIER = com.freeaudio.app;
				SDKROOT = macosx;
				SWIFT_STRICT_CONCURRENCY = minimal;
				SWIFT_VERSION = 6.0;
			};
			name = Release;
		};
		926C978E1114B08963C50F5C /* Debug */ = {
			isa = XCBuildConfiguration;
			buildSettings = {
				ARCHS = arm64;
				ASSETCATALOG_COMPILER_APPICON_NAME = AppIcon;
				CODE_SIGNING_REQUIRED = YES;
				CODE_SIGN_ENTITLEMENTS = FreeAudio/FreeAudio.entitlements;
				CODE_SIGN_IDENTITY = "-";
				COMBINE_HIDPI_IMAGES = YES;
				CURRENT_PROJECT_VERSION = 1;
				ENABLE_HARDENED_RUNTIME = YES;
				GENERATE_INFOPLIST_FILE = YES;
				INFOPLIST_FILE = FreeAudio/Info.plist;
				INFOPLIST_KEY_LSUIElement = YES;
				INFOPLIST_KEY_NSHumanReadableCopyright = "FreeAudio - Ücretsiz ve Açık Kaynak";
				LD_RUNPATH_SEARCH_PATHS = (
					"$(inherited)",
					"@executable_path/../Frameworks",
				);
				MACOSX_DEPLOYMENT_TARGET = 27.0;
				MARKETING_VERSION = 0.1;
				PRODUCT_BUNDLE_IDENTIFIER = com.freeaudio.app;
				SDKROOT = macosx;
				SWIFT_STRICT_CONCURRENCY = minimal;
				SWIFT_VERSION = 6.0;
			};
			name = Debug;
		};
		CA7DD20343DE1D38D7E28979 /* Debug */ = {
			isa = XCBuildConfiguration;
			buildSettings = {
				ALWAYS_SEARCH_USER_PATHS = NO;
				CLANG_ANALYZER_NONNULL = YES;
				CLANG_ANALYZER_NUMBER_OBJECT_CONVERSION = YES_AGGRESSIVE;
				CLANG_CXX_LANGUAGE_STANDARD = "gnu++14";
				CLANG_CXX_LIBRARY = "libc++";
				CLANG_ENABLE_MODULES = YES;
				CLANG_ENABLE_OBJC_ARC = YES;
				CLANG_ENABLE_OBJC_WEAK = YES;
				CLANG_WARN_BLOCK_CAPTURE_AUTORELEASING = YES;
				CLANG_WARN_BOOL_CONVERSION = YES;
				CLANG_WARN_COMMA = YES;
				CLANG_WARN_CONSTANT_CONVERSION = YES;
				CLANG_WARN_DEPRECATED_OBJC_IMPLEMENTATIONS = YES;
				CLANG_WARN_DIRECT_OBJC_ISA_USAGE = YES_ERROR;
				CLANG_WARN_DOCUMENTATION_COMMENTS = YES;
				CLANG_WARN_EMPTY_BODY = YES;
				CLANG_WARN_ENUM_CONVERSION = YES;
				CLANG_WARN_INFINITE_RECURSION = YES;
				CLANG_WARN_INT_CONVERSION = YES;
				CLANG_WARN_NON_LITERAL_NULL_CONVERSION = YES;
				CLANG_WARN_OBJC_IMPLICIT_RETAIN_SELF = YES;
				CLANG_WARN_OBJC_LITERAL_CONVERSION = YES;
				CLANG_WARN_OBJC_ROOT_CLASS = YES_ERROR;
				CLANG_WARN_QUOTED_INCLUDE_IN_FRAMEWORK_HEADER = YES;
				CLANG_WARN_RANGE_LOOP_ANALYSIS = YES;
				CLANG_WARN_STRICT_PROTOTYPES = YES;
				CLANG_WARN_SUSPICIOUS_MOVE = YES;
				CLANG_WARN_UNGUARDED_AVAILABILITY = YES_AGGRESSIVE;
				CLANG_WARN_UNREACHABLE_CODE = YES;
				CLANG_WARN__DUPLICATE_METHOD_MATCH = YES;
				COPY_PHASE_STRIP = NO;
				DEBUG_INFORMATION_FORMAT = dwarf;
				ENABLE_STRICT_OBJC_MSGSEND = YES;
				ENABLE_TESTABILITY = YES;
				GCC_C_LANGUAGE_STANDARD = gnu11;
				GCC_DYNAMIC_NO_PIC = NO;
				GCC_NO_COMMON_BLOCKS = YES;
				GCC_OPTIMIZATION_LEVEL = 0;
				GCC_PREPROCESSOR_DEFINITIONS = (
					"$(inherited)",
					"DEBUG=1",
				);
				GCC_WARN_64_TO_32_BIT_CONVERSION = YES;
				GCC_WARN_ABOUT_RETURN_TYPE = YES_ERROR;
				GCC_WARN_UNDECLARED_SELECTOR = YES;
				GCC_WARN_UNINITIALIZED_AUTOS = YES_AGGRESSIVE;
				GCC_WARN_UNUSED_FUNCTION = YES;
				GCC_WARN_UNUSED_VARIABLE = YES;
				MACOSX_DEPLOYMENT_TARGET = 27.0;
				MTL_ENABLE_DEBUG_INFO = INCLUDE_SOURCE;
				MTL_FAST_MATH = YES;
				ONLY_ACTIVE_ARCH = YES;
				PRODUCT_NAME = "$(TARGET_NAME)";
				SDKROOT = macosx;
				SWIFT_ACTIVE_COMPILATION_CONDITIONS = DEBUG;
				SWIFT_OPTIMIZATION_LEVEL = "-Onone";
				SWIFT_VERSION = 5.0;
			};
			name = Debug;
		};
/* End XCBuildConfiguration section */

/* Begin XCConfigurationList section */
		16C7F8D57412FDE431A8F780 /* Build configuration list for PBXProject "FreeAudio" */ = {
			isa = XCConfigurationList;
			buildConfigurations = (
				CA7DD20343DE1D38D7E28979 /* Debug */,
				277104769C3ABED734D38466 /* Release */,
			);
			defaultConfigurationIsVisible = 0;
			defaultConfigurationName = Debug;
		};
		ECE5889BA6291003989E43F9 /* Build configuration list for PBXNativeTarget "FreeAudio" */ = {
			isa = XCConfigurationList;
			buildConfigurations = (
				926C978E1114B08963C50F5C /* Debug */,
				4FE144BC7082E5D7BD66BE40 /* Release */,
			);
			defaultConfigurationIsVisible = 0;
			defaultConfigurationName = Debug;
		};
/* End XCConfigurationList section */
	};
	rootObject = FCE1D5D8FFA11C93CD1C522F /* Project object */;
}
